
Microsoft Visual Studio Solution File, Format Version 12.00
# Visual Studio Version 17
VisualStudioVersion = 17.4.33110.190
MinimumVisualStudioVersion = 10.0.40219.1
Project("{FAE04EC0-301F-11D3-BF4B-00C04F79EFBC}") = "Struct_Y_Enum", "Struct_Y_Enum.csproj", "{884B1564-AE87-4F17-9B22-30FE76F4C135}"
EndProject
Global
	GlobalSection(SolutionConfigurationPlatforms) = preSolution
		Debug|Any CPU = Debug|Any CPU
		Release|Any CPU = Release|Any CPU
	EndGlobalSection
	GlobalSection(ProjectConfigurationPlatforms) = postSolution
		{884B1564-AE87-4F17-9B22-30FE76F4C135}.Debug|Any CPU.ActiveCfg = Debug|Any CPU
		{884B1564-AE87-4F17-9B22-30FE76F4C135}.Debug|Any CPU.Build.0 = Debug|Any CPU
		{884B1564-AE87-4F17-9B22-30FE76F4C135}.Release|Any CPU.ActiveCfg = Release|Any CPU
		{884B1564-AE87-4F17-9B22-30FE76F4C135}.Release|Any CPU.Build.0 = Release|Any CPU
	EndGlobalSection
	GlobalSection(SolutionProperties) = preSolution
		HideSolutionNode = FALSE
	EndGlobalSection
	GlobalSection(ExtensibilityGlobals) = postSolution
		SolutionGuid = {BD8527BD-DF49-4383-BB22-9B1D425FCBBF}
	EndGlobalSection
EndGlobal
