
Microsoft Visual Studio Solution File, Format Version 12.00
# Visual Studio Version 17
VisualStudioVersion = 17.4.33110.190
MinimumVisualStudioVersion = 10.0.40219.1
Project("{FAE04EC0-301F-11D3-BF4B-00C04F79EFBC}") = "ConceptosPOO", "ConceptosPOO.csproj", "{86BD7E03-5EC2-4D0B-9986-77F2E70B3498}"
EndProject
Global
	GlobalSection(SolutionConfigurationPlatforms) = preSolution
		Debug|Any CPU = Debug|Any CPU
		Release|Any CPU = Release|Any CPU
	EndGlobalSection
	GlobalSection(ProjectConfigurationPlatforms) = postSolution
		{86BD7E03-5EC2-4D0B-9986-77F2E70B3498}.Debug|Any CPU.ActiveCfg = Debug|Any CPU
		{86BD7E03-5EC2-4D0B-9986-77F2E70B3498}.Debug|Any CPU.Build.0 = Debug|Any CPU
		{86BD7E03-5EC2-4D0B-9986-77F2E70B3498}.Release|Any CPU.ActiveCfg = Release|Any CPU
		{86BD7E03-5EC2-4D0B-9986-77F2E70B3498}.Release|Any CPU.Build.0 = Release|Any CPU
	EndGlobalSection
	GlobalSection(SolutionProperties) = preSolution
		HideSolutionNode = FALSE
	EndGlobalSection
	GlobalSection(ExtensibilityGlobals) = postSolution
		SolutionGuid = {89215268-3665-4699-80F5-8A6ADC53BA7A}
	EndGlobalSection
EndGlobal
