
Microsoft Visual Studio Solution File, Format Version 12.00
# Visual Studio Version 17
VisualStudioVersion = 17.4.33110.190
MinimumVisualStudioVersion = 10.0.40219.1
Project("{FAE04EC0-301F-11D3-BF4B-00C04F79EFBC}") = "Predicate", "Predicate.csproj", "{0087DFB6-B4AB-4DB9-A582-E492B0375109}"
EndProject
Global
	GlobalSection(SolutionConfigurationPlatforms) = preSolution
		Debug|Any CPU = Debug|Any CPU
		Release|Any CPU = Release|Any CPU
	EndGlobalSection
	GlobalSection(ProjectConfigurationPlatforms) = postSolution
		{0087DFB6-B4AB-4DB9-A582-E492B0375109}.Debug|Any CPU.ActiveCfg = Debug|Any CPU
		{0087DFB6-B4AB-4DB9-A582-E492B0375109}.Debug|Any CPU.Build.0 = Debug|Any CPU
		{0087DFB6-B4AB-4DB9-A582-E492B0375109}.Release|Any CPU.ActiveCfg = Release|Any CPU
		{0087DFB6-B4AB-4DB9-A582-E492B0375109}.Release|Any CPU.Build.0 = Release|Any CPU
	EndGlobalSection
	GlobalSection(SolutionProperties) = preSolution
		HideSolutionNode = FALSE
	EndGlobalSection
	GlobalSection(ExtensibilityGlobals) = postSolution
		SolutionGuid = {1582BC4A-5F4B-401E-88FD-991FFF43FE28}
	EndGlobalSection
EndGlobal
