
Microsoft Visual Studio Solution File, Format Version 12.00
# Visual Studio Version 17
VisualStudioVersion = 17.4.33110.190
MinimumVisualStudioVersion = 10.0.40219.1
Project("{FAE04EC0-301F-11D3-BF4B-00C04F79EFBC}") = "EjemplosPOO", "EjemplosPOO.csproj", "{409DEA4A-32AB-4DA3-A1DD-A2D7CDA08681}"
EndProject
Global
	GlobalSection(SolutionConfigurationPlatforms) = preSolution
		Debug|Any CPU = Debug|Any CPU
		Release|Any CPU = Release|Any CPU
	EndGlobalSection
	GlobalSection(ProjectConfigurationPlatforms) = postSolution
		{409DEA4A-32AB-4DA3-A1DD-A2D7CDA08681}.Debug|Any CPU.ActiveCfg = Debug|Any CPU
		{409DEA4A-32AB-4DA3-A1DD-A2D7CDA08681}.Debug|Any CPU.Build.0 = Debug|Any CPU
		{409DEA4A-32AB-4DA3-A1DD-A2D7CDA08681}.Release|Any CPU.ActiveCfg = Release|Any CPU
		{409DEA4A-32AB-4DA3-A1DD-A2D7CDA08681}.Release|Any CPU.Build.0 = Release|Any CPU
	EndGlobalSection
	GlobalSection(SolutionProperties) = preSolution
		HideSolutionNode = FALSE
	EndGlobalSection
	GlobalSection(ExtensibilityGlobals) = postSolution
		SolutionGuid = {7BE37BD2-6EA5-47A3-B51A-3D6239D24EAB}
	EndGlobalSection
EndGlobal
